
Microsoft Visual Studio Solution File, Format Version 12.00
# Visual Studio 15
Project("{FAE04EC0-301F-11D3-BF4B-00C04F79EFBC}") = "Assembly-CSharp-firstpass", "Assembly-CSharp-firstpass.csproj", "{5E87BE50-76EB-CFF6-B272-25B9A4145DE9}"
EndProject
Project("{FAE04EC0-301F-11D3-BF4B-00C04F79EFBC}") = "Assembly-CSharp", "Assembly-CSharp.csproj", "{9A5FE8FB-7EE8-39FC-96DD-8D16B0E88CB7}"
EndProject
Project("{FAE04EC0-301F-11D3-BF4B-00C04F79EFBC}") = "Assembly-CSharp-Editor", "Assembly-CSharp-Editor.csproj", "{8A33EF18-A417-019C-2D6C-0423CC24DB80}"
EndProject
Project("{FAE04EC0-301F-11D3-BF4B-00C04F79EFBC}") = "Assembly-CSharp-Editor-firstpass", "Assembly-CSharp-Editor-firstpass.csproj", "{F9DC2548-4765-D522-3232-A7C2753FF29C}"
EndProject
Global
	GlobalSection(SolutionConfigurationPlatforms) = preSolution
		Debug|Any CPU = Debug|Any CPU
		Release|Any CPU = Release|Any CPU
	EndGlobalSection
	GlobalSection(ProjectConfigurationPlatforms) = postSolution
		{5E87BE50-76EB-CFF6-B272-25B9A4145DE9}.Debug|Any CPU.ActiveCfg = Debug|Any CPU
		{5E87BE50-76EB-CFF6-B272-25B9A4145DE9}.Debug|Any CPU.Build.0 = Debug|Any CPU
		{5E87BE50-76EB-CFF6-B272-25B9A4145DE9}.Release|Any CPU.ActiveCfg = Release|Any CPU
		{5E87BE50-76EB-CFF6-B272-25B9A4145DE9}.Release|Any CPU.Build.0 = Release|Any CPU
		{9A5FE8FB-7EE8-39FC-96DD-8D16B0E88CB7}.Debug|Any CPU.ActiveCfg = Debug|Any CPU
		{9A5FE8FB-7EE8-39FC-96DD-8D16B0E88CB7}.Debug|Any CPU.Build.0 = Debug|Any CPU
		{9A5FE8FB-7EE8-39FC-96DD-8D16B0E88CB7}.Release|Any CPU.ActiveCfg = Release|Any CPU
		{9A5FE8FB-7EE8-39FC-96DD-8D16B0E88CB7}.Release|Any CPU.Build.0 = Release|Any CPU
		{8A33EF18-A417-019C-2D6C-0423CC24DB80}.Debug|Any CPU.ActiveCfg = Debug|Any CPU
		{8A33EF18-A417-019C-2D6C-0423CC24DB80}.Debug|Any CPU.Build.0 = Debug|Any CPU
		{8A33EF18-A417-019C-2D6C-0423CC24DB80}.Release|Any CPU.ActiveCfg = Release|Any CPU
		{8A33EF18-A417-019C-2D6C-0423CC24DB80}.Release|Any CPU.Build.0 = Release|Any CPU
		{F9DC2548-4765-D522-3232-A7C2753FF29C}.Debug|Any CPU.ActiveCfg = Debug|Any CPU
		{F9DC2548-4765-D522-3232-A7C2753FF29C}.Debug|Any CPU.Build.0 = Debug|Any CPU
		{F9DC2548-4765-D522-3232-A7C2753FF29C}.Release|Any CPU.ActiveCfg = Release|Any CPU
		{F9DC2548-4765-D522-3232-A7C2753FF29C}.Release|Any CPU.Build.0 = Release|Any CPU
	EndGlobalSection
	GlobalSection(SolutionProperties) = preSolution
		HideSolutionNode = FALSE
	EndGlobalSection
EndGlobal
